
Microsoft Visual Studio Solution File, Format Version 12.00
# Visual Studio Version 16
VisualStudioVersion = 16.0.29123.88
MinimumVisualStudioVersion = 10.0.40219.1
Project("{FAE04EC0-301F-11D3-BF4B-00C04F79EFBC}") = "DNP3_API", "DNP3_API.csproj", "{91F7DF96-A836-4A93-A42A-53723B148338}"
EndProject
Global
	GlobalSection(SolutionConfigurationPlatforms) = preSolution
		Debug|Any CPU = Debug|Any CPU
		Release|Any CPU = Release|Any CPU
	EndGlobalSection
	GlobalSection(ProjectConfigurationPlatforms) = postSolution
		{91F7DF96-A836-4A93-A42A-53723B148338}.Debug|Any CPU.ActiveCfg = Debug|Any CPU
		{91F7DF96-A836-4A93-A42A-53723B148338}.Debug|Any CPU.Build.0 = Debug|Any CPU
		{91F7DF96-A836-4A93-A42A-53723B148338}.Release|Any CPU.ActiveCfg = Release|Any CPU
		{91F7DF96-A836-4A93-A42A-53723B148338}.Release|Any CPU.Build.0 = Release|Any CPU
	EndGlobalSection
	GlobalSection(SolutionProperties) = preSolution
		HideSolutionNode = FALSE
	EndGlobalSection
	GlobalSection(ExtensibilityGlobals) = postSolution
		SolutionGuid = {0DBE7186-8268-43BA-B97F-ECFF96217F97}
	EndGlobalSection
EndGlobal
