
Microsoft Visual Studio Solution File, Format Version 12.00
# Visual Studio Version 16
VisualStudioVersion = 16.0.29123.88
MinimumVisualStudioVersion = 10.0.40219.1
Project("{9A19103F-16F7-4668-BE54-9A1E7A4F7556}") = "DNP3_API", "DNP3_API.csproj", "{91F7DF96-A836-4A93-A42A-53723B148338}"
EndProject
Project("{FAE04EC0-301F-11D3-BF4B-00C04F79EFBC}") = "DTO", "Modules\DTO\DTO\DTO.csproj", "{07527922-8713-4C3C-8C75-113F3F087CCD}"
EndProject
Project("{FAE04EC0-301F-11D3-BF4B-00C04F79EFBC}") = "DAL", "Modules\DAL\DAL.csproj", "{F7AA9699-E321-41AD-83EC-44F4673B8ADC}"
EndProject
Project("{FAE04EC0-301F-11D3-BF4B-00C04F79EFBC}") = "UTILS", "Modules\UTILS\UTILS.csproj", "{EB38C115-55CE-45CC-93AD-D63271D18754}"
EndProject
Global
	GlobalSection(SolutionConfigurationPlatforms) = preSolution
		Debug|Any CPU = Debug|Any CPU
		Release|Any CPU = Release|Any CPU
	EndGlobalSection
	GlobalSection(ProjectConfigurationPlatforms) = postSolution
		{91F7DF96-A836-4A93-A42A-53723B148338}.Debug|Any CPU.ActiveCfg = Debug|Any CPU
		{91F7DF96-A836-4A93-A42A-53723B148338}.Debug|Any CPU.Build.0 = Debug|Any CPU
		{91F7DF96-A836-4A93-A42A-53723B148338}.Release|Any CPU.ActiveCfg = Release|Any CPU
		{91F7DF96-A836-4A93-A42A-53723B148338}.Release|Any CPU.Build.0 = Release|Any CPU
		{07527922-8713-4C3C-8C75-113F3F087CCD}.Debug|Any CPU.ActiveCfg = Debug|Any CPU
		{07527922-8713-4C3C-8C75-113F3F087CCD}.Debug|Any CPU.Build.0 = Debug|Any CPU
		{07527922-8713-4C3C-8C75-113F3F087CCD}.Release|Any CPU.ActiveCfg = Release|Any CPU
		{07527922-8713-4C3C-8C75-113F3F087CCD}.Release|Any CPU.Build.0 = Release|Any CPU
		{F7AA9699-E321-41AD-83EC-44F4673B8ADC}.Debug|Any CPU.ActiveCfg = Debug|Any CPU
		{F7AA9699-E321-41AD-83EC-44F4673B8ADC}.Debug|Any CPU.Build.0 = Debug|Any CPU
		{F7AA9699-E321-41AD-83EC-44F4673B8ADC}.Release|Any CPU.ActiveCfg = Release|Any CPU
		{F7AA9699-E321-41AD-83EC-44F4673B8ADC}.Release|Any CPU.Build.0 = Release|Any CPU
		{EB38C115-55CE-45CC-93AD-D63271D18754}.Debug|Any CPU.ActiveCfg = Debug|Any CPU
		{EB38C115-55CE-45CC-93AD-D63271D18754}.Debug|Any CPU.Build.0 = Debug|Any CPU
		{EB38C115-55CE-45CC-93AD-D63271D18754}.Release|Any CPU.ActiveCfg = Release|Any CPU
		{EB38C115-55CE-45CC-93AD-D63271D18754}.Release|Any CPU.Build.0 = Release|Any CPU
	EndGlobalSection
	GlobalSection(SolutionProperties) = preSolution
		HideSolutionNode = FALSE
	EndGlobalSection
	GlobalSection(ExtensibilityGlobals) = postSolution
		SolutionGuid = {0DBE7186-8268-43BA-B97F-ECFF96217F97}
	EndGlobalSection
EndGlobal
